// !$*UTF8*$!
{
	archiveVersion = 1;
	classes = {
	};
	objectVersion = 46;
	objects = {

/* Begin PBXBuildFile section */
		14E8EF8117D52B390006A0C1 /* UIKit.framework in Frameworks */ = {isa = PBXBuildFile; fileRef = 14E8EF8017D52B390006A0C1 /* UIKit.framework */; };
		14E8EF8317D52B390006A0C1 /* Foundation.framework in Frameworks */ = {isa = PBXBuildFile; fileRef = 14E8EF8217D52B390006A0C1 /* Foundation.framework */; };
		14E8EF8517D52B390006A0C1 /* CoreGraphics.framework in Frameworks */ = {isa = PBXBuildFile; fileRef = 14E8EF8417D52B390006A0C1 /* CoreGraphics.framework */; };
		14E8EF8B17D52B390006A0C1 /* InfoPlist.strings in Resources */ = {isa = PBXBuildFile; fileRef = 14E8EF8917D52B390006A0C1 /* InfoPlist.strings */; };
		14E8EF8D17D52B390006A0C1 /* main.m in Sources */ = {isa = PBXBuildFile; fileRef = 14E8EF8C17D52B390006A0C1 /* main.m */; };
		14E8EF9117D52B390006A0C1 /* AppDelegate.m in Sources */ = {isa = PBXBuildFile; fileRef = 14E8EF9017D52B390006A0C1 /* AppDelegate.m */; };
		14E8EF9317D52B390006A0C1 /* Default.png in Resources */ = {isa = PBXBuildFile; fileRef = 14E8EF9217D52B390006A0C1 /* Default.png */; };
		14E8EF9517D52B390006A0C1 /* Default@2x.png in Resources */ = {isa = PBXBuildFile; fileRef = 14E8EF9417D52B390006A0C1 /* Default@2x.png */; };
		14E8EF9717D52B390006A0C1 /* Default-568h@2x.png in Resources */ = {isa = PBXBuildFile; fileRef = 14E8EF9617D52B390006A0C1 /* Default-568h@2x.png */; };
		14E8EFB017D52D2E0006A0C1 /* Parse.framework in Frameworks */ = {isa = PBXBuildFile; fileRef = 14E8EFAF17D52D2E0006A0C1 /* Parse.framework */; };
		14E8EFB217D52D460006A0C1 /* AudioToolbox.framework in Frameworks */ = {isa = PBXBuildFile; fileRef = 14E8EFB117D52D460006A0C1 /* AudioToolbox.framework */; };
		14E8EFB417D52D4C0006A0C1 /* CFNetwork.framework in Frameworks */ = {isa = PBXBuildFile; fileRef = 14E8EFB317D52D4C0006A0C1 /* CFNetwork.framework */; };
		14E8EFB617D52D580006A0C1 /* CoreLocation.framework in Frameworks */ = {isa = PBXBuildFile; fileRef = 14E8EFB517D52D580006A0C1 /* CoreLocation.framework */; };
		14E8EFB817D52D5F0006A0C1 /* libz.1.1.3.dylib in Frameworks */ = {isa = PBXBuildFile; fileRef = 14E8EFB717D52D5F0006A0C1 /* libz.1.1.3.dylib */; };
		14E8EFBA17D52D640006A0C1 /* MobileCoreServices.framework in Frameworks */ = {isa = PBXBuildFile; fileRef = 14E8EFB917D52D640006A0C1 /* MobileCoreServices.framework */; };
		14E8EFBC17D52D6A0006A0C1 /* QuartzCore.framework in Frameworks */ = {isa = PBXBuildFile; fileRef = 14E8EFBB17D52D6A0006A0C1 /* QuartzCore.framework */; };
		14E8EFBE17D52D710006A0C1 /* Security.framework in Frameworks */ = {isa = PBXBuildFile; fileRef = 14E8EFBD17D52D710006A0C1 /* Security.framework */; };
		14E8EFC017D52D770006A0C1 /* StoreKit.framework in Frameworks */ = {isa = PBXBuildFile; fileRef = 14E8EFBF17D52D770006A0C1 /* StoreKit.framework */; };
		14E8EFC217D52D7B0006A0C1 /* SystemConfiguration.framework in Frameworks */ = {isa = PBXBuildFile; fileRef = 14E8EFC117D52D7B0006A0C1 /* SystemConfiguration.framework */; };
		14E8EFC517D52E2C0006A0C1 /* MainViewController.m in Sources */ = {isa = PBXBuildFile; fileRef = 14E8EFC417D52E2C0006A0C1 /* MainViewController.m */; };
		14E8EFC817D52FB10006A0C1 /* ContentCell.m in Sources */ = {isa = PBXBuildFile; fileRef = 14E8EFC717D52FB10006A0C1 /* ContentCell.m */; };
		14E8EFCA17D53D9B0006A0C1 /* appicon_57.png in Resources */ = {isa = PBXBuildFile; fileRef = 14E8EFC917D53D9B0006A0C1 /* appicon_57.png */; };
		14E8EFCC17D53D9E0006A0C1 /* appicon_114.png in Resources */ = {isa = PBXBuildFile; fileRef = 14E8EFCB17D53D9E0006A0C1 /* appicon_114.png */; };
		6E6D1D0B17D691D400305668 /* AdSupport.framework in Frameworks */ = {isa = PBXBuildFile; fileRef = 6E6D1D0A17D691D400305668 /* AdSupport.framework */; };
		6E6D1D0D17D691DD00305668 /* CoreTelephony.framework in Frameworks */ = {isa = PBXBuildFile; fileRef = 6E6D1D0C17D691DC00305668 /* CoreTelephony.framework */; };
		6E6D1D0F17D691E600305668 /* ImageIO.framework in Frameworks */ = {isa = PBXBuildFile; fileRef = 6E6D1D0E17D691E600305668 /* ImageIO.framework */; };
		6E6D1D1117D6925200305668 /* NamoAdsSDK.framework in Frameworks */ = {isa = PBXBuildFile; fileRef = 6E6D1D1017D6925200305668 /* NamoAdsSDK.framework */; };
/* End PBXBuildFile section */

/* Begin PBXFileReference section */
		14E8EF7D17D52B390006A0C1 /* TableSample.app */ = {isa = PBXFileReference; explicitFileType = wrapper.application; includeInIndex = 0; path = TableSample.app; sourceTree = BUILT_PRODUCTS_DIR; };
		14E8EF8017D52B390006A0C1 /* UIKit.framework */ = {isa = PBXFileReference; lastKnownFileType = wrapper.framework; name = UIKit.framework; path = System/Library/Frameworks/UIKit.framework; sourceTree = SDKROOT; };
		14E8EF8217D52B390006A0C1 /* Foundation.framework */ = {isa = PBXFileReference; lastKnownFileType = wrapper.framework; name = Foundation.framework; path = System/Library/Frameworks/Foundation.framework; sourceTree = SDKROOT; };
		14E8EF8417D52B390006A0C1 /* CoreGraphics.framework */ = {isa = PBXFileReference; lastKnownFileType = wrapper.framework; name = CoreGraphics.framework; path = System/Library/Frameworks/CoreGraphics.framework; sourceTree = SDKROOT; };
		14E8EF8817D52B390006A0C1 /* TableSample-Info.plist */ = {isa = PBXFileReference; lastKnownFileType = text.plist.xml; path = "TableSample-Info.plist"; sourceTree = "<group>"; };
		14E8EF8A17D52B390006A0C1 /* en */ = {isa = PBXFileReference; lastKnownFileType = text.plist.strings; name = en; path = en.lproj/InfoPlist.strings; sourceTree = "<group>"; };
		14E8EF8C17D52B390006A0C1 /* main.m */ = {isa = PBXFileReference; lastKnownFileType = sourcecode.c.objc; path = main.m; sourceTree = "<group>"; };
		14E8EF8E17D52B390006A0C1 /* TableSample-Prefix.pch */ = {isa = PBXFileReference; lastKnownFileType = sourcecode.c.h; path = "TableSample-Prefix.pch"; sourceTree = "<group>"; };
		14E8EF8F17D52B390006A0C1 /* AppDelegate.h */ = {isa = PBXFileReference; lastKnownFileType = sourcecode.c.h; path = AppDelegate.h; sourceTree = "<group>"; };
		14E8EF9017D52B390006A0C1 /* AppDelegate.m */ = {isa = PBXFileReference; lastKnownFileType = sourcecode.c.objc; path = AppDelegate.m; sourceTree = "<group>"; };
		14E8EF9217D52B390006A0C1 /* Default.png */ = {isa = PBXFileReference; lastKnownFileType = image.png; path = Default.png; sourceTree = "<group>"; };
		14E8EF9417D52B390006A0C1 /* Default@2x.png */ = {isa = PBXFileReference; lastKnownFileType = image.png; path = "Default@2x.png"; sourceTree = "<group>"; };
		14E8EF9617D52B390006A0C1 /* Default-568h@2x.png */ = {isa = PBXFileReference; lastKnownFileType = image.png; path = "Default-568h@2x.png"; sourceTree = "<group>"; };
		14E8EFAF17D52D2E0006A0C1 /* Parse.framework */ = {isa = PBXFileReference; lastKnownFileType = wrapper.framework; path = Parse.framework; sourceTree = "<group>"; };
		14E8EFB117D52D460006A0C1 /* AudioToolbox.framework */ = {isa = PBXFileReference; lastKnownFileType = wrapper.framework; name = AudioToolbox.framework; path = System/Library/Frameworks/AudioToolbox.framework; sourceTree = SDKROOT; };
		14E8EFB317D52D4C0006A0C1 /* CFNetwork.framework */ = {isa = PBXFileReference; lastKnownFileType = wrapper.framework; name = CFNetwork.framework; path = System/Library/Frameworks/CFNetwork.framework; sourceTree = SDKROOT; };
		14E8EFB517D52D580006A0C1 /* CoreLocation.framework */ = {isa = PBXFileReference; lastKnownFileType = wrapper.framework; name = CoreLocation.framework; path = System/Library/Frameworks/CoreLocation.framework; sourceTree = SDKROOT; };
		14E8EFB717D52D5F0006A0C1 /* libz.1.1.3.dylib */ = {isa = PBXFileReference; lastKnownFileType = "compiled.mach-o.dylib"; name = libz.1.1.3.dylib; path = usr/lib/libz.1.1.3.dylib; sourceTree = SDKROOT; };
		14E8EFB917D52D640006A0C1 /* MobileCoreServices.framework */ = {isa = PBXFileReference; lastKnownFileType = wrapper.framework; name = MobileCoreServices.framework; path = System/Library/Frameworks/MobileCoreServices.framework; sourceTree = SDKROOT; };
		14E8EFBB17D52D6A0006A0C1 /* QuartzCore.framework */ = {isa = PBXFileReference; lastKnownFileType = wrapper.framework; name = QuartzCore.framework; path = System/Library/Frameworks/QuartzCore.framework; sourceTree = SDKROOT; };
		14E8EFBD17D52D710006A0C1 /* Security.framework */ = {isa = PBXFileReference; lastKnownFileType = wrapper.framework; name = Security.framework; path = System/Library/Frameworks/Security.framework; sourceTree = SDKROOT; };
		14E8EFBF17D52D770006A0C1 /* StoreKit.framework */ = {isa = PBXFileReference; lastKnownFileType = wrapper.framework; name = StoreKit.framework; path = System/Library/Frameworks/StoreKit.framework; sourceTree = SDKROOT; };
		14E8EFC117D52D7B0006A0C1 /* SystemConfiguration.framework */ = {isa = PBXFileReference; lastKnownFileType = wrapper.framework; name = SystemConfiguration.framework; path = System/Library/Frameworks/SystemConfiguration.framework; sourceTree = SDKROOT; };
		14E8EFC317D52E2C0006A0C1 /* MainViewController.h */ = {isa = PBXFileReference; fileEncoding = 4; lastKnownFileType = sourcecode.c.h; path = MainViewController.h; sourceTree = "<group>"; };
		14E8EFC417D52E2C0006A0C1 /* MainViewController.m */ = {isa = PBXFileReference; fileEncoding = 4; lastKnownFileType = sourcecode.c.objc; path = MainViewController.m; sourceTree = "<group>"; };
		14E8EFC617D52FB10006A0C1 /* ContentCell.h */ = {isa = PBXFileReference; fileEncoding = 4; lastKnownFileType = sourcecode.c.h; path = ContentCell.h; sourceTree = "<group>"; };
		14E8EFC717D52FB10006A0C1 /* ContentCell.m */ = {isa = PBXFileReference; fileEncoding = 4; lastKnownFileType = sourcecode.c.objc; path = ContentCell.m; sourceTree = "<group>"; };
		14E8EFC917D53D9B0006A0C1 /* appicon_57.png */ = {isa = PBXFileReference; lastKnownFileType = image.png; path = appicon_57.png; sourceTree = "<group>"; };
		14E8EFCB17D53D9E0006A0C1 /* appicon_114.png */ = {isa = PBXFileReference; lastKnownFileType = image.png; path = appicon_114.png; sourceTree = "<group>"; };
		6E6D1D0A17D691D400305668 /* AdSupport.framework */ = {isa = PBXFileReference; lastKnownFileType = wrapper.framework; name = AdSupport.framework; path = System/Library/Frameworks/AdSupport.framework; sourceTree = SDKROOT; };
		6E6D1D0C17D691DC00305668 /* CoreTelephony.framework */ = {isa = PBXFileReference; lastKnownFileType = wrapper.framework; name = CoreTelephony.framework; path = System/Library/Frameworks/CoreTelephony.framework; sourceTree = SDKROOT; };
		6E6D1D0E17D691E600305668 /* ImageIO.framework */ = {isa = PBXFileReference; lastKnownFileType = wrapper.framework; name = ImageIO.framework; path = System/Library/Frameworks/ImageIO.framework; sourceTree = SDKROOT; };
		6E6D1D1017D6925200305668 /* NamoAdsSDK.framework */ = {isa = PBXFileReference; lastKnownFileType = wrapper.framework; path = NamoAdsSDK.framework; sourceTree = "<group>"; };
/* End PBXFileReference section */

/* Begin PBXFrameworksBuildPhase section */
		14E8EF7A17D52B390006A0C1 /* Frameworks */ = {
			isa = PBXFrameworksBuildPhase;
			buildActionMask = 2147483647;
			files = (
				6E6D1D0F17D691E600305668 /* ImageIO.framework in Frameworks */,
				6E6D1D0D17D691DD00305668 /* CoreTelephony.framework in Frameworks */,
				6E6D1D0B17D691D400305668 /* AdSupport.framework in Frameworks */,
				14E8EFC217D52D7B0006A0C1 /* SystemConfiguration.framework in Frameworks */,
				14E8EFC017D52D770006A0C1 /* StoreKit.framework in Frameworks */,
				14E8EFBE17D52D710006A0C1 /* Security.framework in Frameworks */,
				14E8EFBC17D52D6A0006A0C1 /* QuartzCore.framework in Frameworks */,
				14E8EFBA17D52D640006A0C1 /* MobileCoreServices.framework in Frameworks */,
				14E8EFB817D52D5F0006A0C1 /* libz.1.1.3.dylib in Frameworks */,
				14E8EFB617D52D580006A0C1 /* CoreLocation.framework in Frameworks */,
				14E8EF8517D52B390006A0C1 /* CoreGraphics.framework in Frameworks */,
				14E8EFB417D52D4C0006A0C1 /* CFNetwork.framework in Frameworks */,
				14E8EFB217D52D460006A0C1 /* AudioToolbox.framework in Frameworks */,
				14E8EF8117D52B390006A0C1 /* UIKit.framework in Frameworks */,
				14E8EF8317D52B390006A0C1 /* Foundation.framework in Frameworks */,
				14E8EFB017D52D2E0006A0C1 /* Parse.framework in Frameworks */,
				6E6D1D1117D6925200305668 /* NamoAdsSDK.framework in Frameworks */,
			);
			runOnlyForDeploymentPostprocessing = 0;
		};
/* End PBXFrameworksBuildPhase section */

/* Begin PBXGroup section */
		14E8EF7417D52B390006A0C1 = {
			isa = PBXGroup;
			children = (
				6E6D1D0E17D691E600305668 /* ImageIO.framework */,
				6E6D1D0C17D691DC00305668 /* CoreTelephony.framework */,
				6E6D1D0A17D691D400305668 /* AdSupport.framework */,
				14E8EFCB17D53D9E0006A0C1 /* appicon_114.png */,
				14E8EFC917D53D9B0006A0C1 /* appicon_57.png */,
				14E8EF8617D52B390006A0C1 /* TableSample */,
				14E8EF7F17D52B390006A0C1 /* Frameworks */,
				14E8EF7E17D52B390006A0C1 /* Products */,
			);
			sourceTree = "<group>";
		};
		14E8EF7E17D52B390006A0C1 /* Products */ = {
			isa = PBXGroup;
			children = (
				14E8EF7D17D52B390006A0C1 /* TableSample.app */,
			);
			name = Products;
			sourceTree = "<group>";
		};
		14E8EF7F17D52B390006A0C1 /* Frameworks */ = {
			isa = PBXGroup;
			children = (
				6E6D1D1017D6925200305668 /* NamoAdsSDK.framework */,
				14E8EFB117D52D460006A0C1 /* AudioToolbox.framework */,
				14E8EFB317D52D4C0006A0C1 /* CFNetwork.framework */,
				14E8EF8417D52B390006A0C1 /* CoreGraphics.framework */,
				14E8EFB517D52D580006A0C1 /* CoreLocation.framework */,
				14E8EF8217D52B390006A0C1 /* Foundation.framework */,
				14E8EFB717D52D5F0006A0C1 /* libz.1.1.3.dylib */,
				14E8EFB917D52D640006A0C1 /* MobileCoreServices.framework */,
				14E8EFAF17D52D2E0006A0C1 /* Parse.framework */,
				14E8EFBB17D52D6A0006A0C1 /* QuartzCore.framework */,
				14E8EFBD17D52D710006A0C1 /* Security.framework */,
				14E8EFBF17D52D770006A0C1 /* StoreKit.framework */,
				14E8EFC117D52D7B0006A0C1 /* SystemConfiguration.framework */,
				14E8EF8017D52B390006A0C1 /* UIKit.framework */,
			);
			name = Frameworks;
			sourceTree = "<group>";
		};
		14E8EF8617D52B390006A0C1 /* TableSample */ = {
			isa = PBXGroup;
			children = (
				14E8EF8F17D52B390006A0C1 /* AppDelegate.h */,
				14E8EF9017D52B390006A0C1 /* AppDelegate.m */,
				14E8EFC617D52FB10006A0C1 /* ContentCell.h */,
				14E8EFC717D52FB10006A0C1 /* ContentCell.m */,
				14E8EFC317D52E2C0006A0C1 /* MainViewController.h */,
				14E8EFC417D52E2C0006A0C1 /* MainViewController.m */,
				14E8EF8717D52B390006A0C1 /* Supporting Files */,
			);
			path = TableSample;
			sourceTree = "<group>";
		};
		14E8EF8717D52B390006A0C1 /* Supporting Files */ = {
			isa = PBXGroup;
			children = (
				14E8EF8817D52B390006A0C1 /* TableSample-Info.plist */,
				14E8EF8917D52B390006A0C1 /* InfoPlist.strings */,
				14E8EF8C17D52B390006A0C1 /* main.m */,
				14E8EF8E17D52B390006A0C1 /* TableSample-Prefix.pch */,
				14E8EF9217D52B390006A0C1 /* Default.png */,
				14E8EF9417D52B390006A0C1 /* Default@2x.png */,
				14E8EF9617D52B390006A0C1 /* Default-568h@2x.png */,
			);
			name = "Supporting Files";
			sourceTree = "<group>";
		};
/* End PBXGroup section */

/* Begin PBXNativeTarget section */
		14E8EF7C17D52B390006A0C1 /* TableSample */ = {
			isa = PBXNativeTarget;
			buildConfigurationList = 14E8EFAC17D52B390006A0C1 /* Build configuration list for PBXNativeTarget "TableSample" */;
			buildPhases = (
				14E8EF7917D52B390006A0C1 /* Sources */,
				14E8EF7A17D52B390006A0C1 /* Frameworks */,
				14E8EF7B17D52B390006A0C1 /* Resources */,
			);
			buildRules = (
			);
			dependencies = (
			);
			name = TableSample;
			productName = TableSample;
			productReference = 14E8EF7D17D52B390006A0C1 /* TableSample.app */;
			productType = "com.apple.product-type.application";
		};
/* End PBXNativeTarget section */

/* Begin PBXProject section */
		14E8EF7517D52B390006A0C1 /* Project object */ = {
			isa = PBXProject;
			attributes = {
				LastUpgradeCheck = 0460;
				ORGANIZATIONNAME = "Namo Media";
			};
			buildConfigurationList = 14E8EF7817D52B390006A0C1 /* Build configuration list for PBXProject "TableSample" */;
			compatibilityVersion = "Xcode 3.2";
			developmentRegion = English;
			hasScannedForEncodings = 0;
			knownRegions = (
				en,
			);
			mainGroup = 14E8EF7417D52B390006A0C1;
			productRefGroup = 14E8EF7E17D52B390006A0C1 /* Products */;
			projectDirPath = "";
			projectRoot = "";
			targets = (
				14E8EF7C17D52B390006A0C1 /* TableSample */,
			);
		};
/* End PBXProject section */

/* Begin PBXResourcesBuildPhase section */
		14E8EF7B17D52B390006A0C1 /* Resources */ = {
			isa = PBXResourcesBuildPhase;
			buildActionMask = 2147483647;
			files = (
				14E8EF8B17D52B390006A0C1 /* InfoPlist.strings in Resources */,
				14E8EF9317D52B390006A0C1 /* Default.png in Resources */,
				14E8EF9517D52B390006A0C1 /* Default@2x.png in Resources */,
				14E8EF9717D52B390006A0C1 /* Default-568h@2x.png in Resources */,
				14E8EFCA17D53D9B0006A0C1 /* appicon_57.png in Resources */,
				14E8EFCC17D53D9E0006A0C1 /* appicon_114.png in Resources */,
			);
			runOnlyForDeploymentPostprocessing = 0;
		};
/* End PBXResourcesBuildPhase section */

/* Begin PBXSourcesBuildPhase section */
		14E8EF7917D52B390006A0C1 /* Sources */ = {
			isa = PBXSourcesBuildPhase;
			buildActionMask = 2147483647;
			files = (
				14E8EF8D17D52B390006A0C1 /* main.m in Sources */,
				14E8EF9117D52B390006A0C1 /* AppDelegate.m in Sources */,
				14E8EFC517D52E2C0006A0C1 /* MainViewController.m in Sources */,
				14E8EFC817D52FB10006A0C1 /* ContentCell.m in Sources */,
			);
			runOnlyForDeploymentPostprocessing = 0;
		};
/* End PBXSourcesBuildPhase section */

/* Begin PBXVariantGroup section */
		14E8EF8917D52B390006A0C1 /* InfoPlist.strings */ = {
			isa = PBXVariantGroup;
			children = (
				14E8EF8A17D52B390006A0C1 /* en */,
			);
			name = InfoPlist.strings;
			sourceTree = "<group>";
		};
/* End PBXVariantGroup section */

/* Begin XCBuildConfiguration section */
		14E8EFAA17D52B390006A0C1 /* Debug */ = {
			isa = XCBuildConfiguration;
			buildSettings = {
				ALWAYS_SEARCH_USER_PATHS = NO;
				CLANG_CXX_LANGUAGE_STANDARD = "gnu++0x";
				CLANG_CXX_LIBRARY = "libc++";
				CLANG_ENABLE_OBJC_ARC = YES;
				CLANG_WARN_CONSTANT_CONVERSION = YES;
				CLANG_WARN_EMPTY_BODY = YES;
				CLANG_WARN_ENUM_CONVERSION = YES;
				CLANG_WARN_INT_CONVERSION = YES;
				CLANG_WARN__DUPLICATE_METHOD_MATCH = YES;
				"CODE_SIGN_IDENTITY[sdk=iphoneos*]" = "iPhone Developer";
				COPY_PHASE_STRIP = NO;
				GCC_C_LANGUAGE_STANDARD = gnu99;
				GCC_DYNAMIC_NO_PIC = NO;
				GCC_OPTIMIZATION_LEVEL = 0;
				GCC_PREPROCESSOR_DEFINITIONS = (
					"DEBUG=1",
					"$(inherited)",
				);
				GCC_SYMBOLS_PRIVATE_EXTERN = NO;
				GCC_WARN_ABOUT_RETURN_TYPE = YES;
				GCC_WARN_UNINITIALIZED_AUTOS = YES;
				GCC_WARN_UNUSED_VARIABLE = YES;
				IPHONEOS_DEPLOYMENT_TARGET = 6.1;
				ONLY_ACTIVE_ARCH = YES;
				SDKROOT = iphoneos;
				TARGETED_DEVICE_FAMILY = "1,2";
			};
			name = Debug;
		};
		14E8EFAB17D52B390006A0C1 /* Release */ = {
			isa = XCBuildConfiguration;
			buildSettings = {
				ALWAYS_SEARCH_USER_PATHS = NO;
				CLANG_CXX_LANGUAGE_STANDARD = "gnu++0x";
				CLANG_CXX_LIBRARY = "libc++";
				CLANG_ENABLE_OBJC_ARC = YES;
				CLANG_WARN_CONSTANT_CONVERSION = YES;
				CLANG_WARN_EMPTY_BODY = YES;
				CLANG_WARN_ENUM_CONVERSION = YES;
				CLANG_WARN_INT_CONVERSION = YES;
				CLANG_WARN__DUPLICATE_METHOD_MATCH = YES;
				"CODE_SIGN_IDENTITY[sdk=iphoneos*]" = "iPhone Developer";
				COPY_PHASE_STRIP = YES;
				GCC_C_LANGUAGE_STANDARD = gnu99;
				GCC_WARN_ABOUT_RETURN_TYPE = YES;
				GCC_WARN_UNINITIALIZED_AUTOS = YES;
				GCC_WARN_UNUSED_VARIABLE = YES;
				IPHONEOS_DEPLOYMENT_TARGET = 6.1;
				OTHER_CFLAGS = "-DNS_BLOCK_ASSERTIONS=1";
				SDKROOT = iphoneos;
				TARGETED_DEVICE_FAMILY = "1,2";
				VALIDATE_PRODUCT = YES;
			};
			name = Release;
		};
		14E8EFAD17D52B390006A0C1 /* Debug */ = {
			isa = XCBuildConfiguration;
			buildSettings = {
				FRAMEWORK_SEARCH_PATHS = (
					"$(inherited)",
					"\"$(SRCROOT)\"",
					"\"$(SRCROOT)/TableSample\"",
				);
				GCC_PRECOMPILE_PREFIX_HEADER = YES;
				GCC_PREFIX_HEADER = "TableSample/TableSample-Prefix.pch";
				INFOPLIST_FILE = "TableSample/TableSample-Info.plist";
				PRODUCT_NAME = "$(TARGET_NAME)";
				WRAPPER_EXTENSION = app;
			};
			name = Debug;
		};
		14E8EFAE17D52B390006A0C1 /* Release */ = {
			isa = XCBuildConfiguration;
			buildSettings = {
				FRAMEWORK_SEARCH_PATHS = (
					"$(inherited)",
					"\"$(SRCROOT)\"",
					"\"$(SRCROOT)/TableSample\"",
				);
				GCC_PRECOMPILE_PREFIX_HEADER = YES;
				GCC_PREFIX_HEADER = "TableSample/TableSample-Prefix.pch";
				INFOPLIST_FILE = "TableSample/TableSample-Info.plist";
				PRODUCT_NAME = "$(TARGET_NAME)";
				WRAPPER_EXTENSION = app;
			};
			name = Release;
		};
/* End XCBuildConfiguration section */

/* Begin XCConfigurationList section */
		14E8EF7817D52B390006A0C1 /* Build configuration list for PBXProject "TableSample" */ = {
			isa = XCConfigurationList;
			buildConfigurations = (
				14E8EFAA17D52B390006A0C1 /* Debug */,
				14E8EFAB17D52B390006A0C1 /* Release */,
			);
			defaultConfigurationIsVisible = 0;
			defaultConfigurationName = Release;
		};
		14E8EFAC17D52B390006A0C1 /* Build configuration list for PBXNativeTarget "TableSample" */ = {
			isa = XCConfigurationList;
			buildConfigurations = (
				14E8EFAD17D52B390006A0C1 /* Debug */,
				14E8EFAE17D52B390006A0C1 /* Release */,
			);
			defaultConfigurationIsVisible = 0;
			defaultConfigurationName = Release;
		};
/* End XCConfigurationList section */
	};
	rootObject = 14E8EF7517D52B390006A0C1 /* Project object */;
}
